
Microsoft Visual Studio Solution File, Format Version 12.00
# Visual Studio Version 17
VisualStudioVersion = 17.0.31903.59
MinimumVisualStudioVersion = 10.0.40219.1
Project("{FAE04EC0-301F-11D3-BF4B-00C04F79EFBC}") = "API", "API\API.csproj", "{D688A9D6-EF94-4AD8-B60F-E7F5C21EF8B6}"
EndProject
Project("{FAE04EC0-301F-11D3-BF4B-00C04F79EFBC}") = "CORE", "CORE\CORE.csproj", "{9EC195C4-20E1-48B3-95FC-4C746AE231E2}"
EndProject
Project("{FAE04EC0-301F-11D3-BF4B-00C04F79EFBC}") = "Infrastructure", "Infrastructure\Infrastructure.csproj", "{FD0A0BDD-C48C-4301-86A5-2799BAB34FDF}"
EndProject
Global
	GlobalSection(SolutionConfigurationPlatforms) = preSolution
		Debug|Any CPU = Debug|Any CPU
		Release|Any CPU = Release|Any CPU
	EndGlobalSection
	GlobalSection(SolutionProperties) = preSolution
		HideSolutionNode = FALSE
	EndGlobalSection
	GlobalSection(ProjectConfigurationPlatforms) = postSolution
		{D688A9D6-EF94-4AD8-B60F-E7F5C21EF8B6}.Debug|Any CPU.ActiveCfg = Debug|Any CPU
		{D688A9D6-EF94-4AD8-B60F-E7F5C21EF8B6}.Debug|Any CPU.Build.0 = Debug|Any CPU
		{D688A9D6-EF94-4AD8-B60F-E7F5C21EF8B6}.Release|Any CPU.ActiveCfg = Release|Any CPU
		{D688A9D6-EF94-4AD8-B60F-E7F5C21EF8B6}.Release|Any CPU.Build.0 = Release|Any CPU
		{9EC195C4-20E1-48B3-95FC-4C746AE231E2}.Debug|Any CPU.ActiveCfg = Debug|Any CPU
		{9EC195C4-20E1-48B3-95FC-4C746AE231E2}.Debug|Any CPU.Build.0 = Debug|Any CPU
		{9EC195C4-20E1-48B3-95FC-4C746AE231E2}.Release|Any CPU.ActiveCfg = Release|Any CPU
		{9EC195C4-20E1-48B3-95FC-4C746AE231E2}.Release|Any CPU.Build.0 = Release|Any CPU
		{FD0A0BDD-C48C-4301-86A5-2799BAB34FDF}.Debug|Any CPU.ActiveCfg = Debug|Any CPU
		{FD0A0BDD-C48C-4301-86A5-2799BAB34FDF}.Debug|Any CPU.Build.0 = Debug|Any CPU
		{FD0A0BDD-C48C-4301-86A5-2799BAB34FDF}.Release|Any CPU.ActiveCfg = Release|Any CPU
		{FD0A0BDD-C48C-4301-86A5-2799BAB34FDF}.Release|Any CPU.Build.0 = Release|Any CPU
	EndGlobalSection
EndGlobal
